<Solution>
  <Project Path="Phantom.Workspaces.Data.Core.Tests/Phantom.Workspaces.Data.Core.Tests.csproj" />
  <Project Path="Phantom.Workspaces.Agent.Gui.Tests/Phantom.Workspaces.Agent.Gui.Tests.csproj" />
  <Project Path="Phantom.Workspaces.Agent.Gui/Phantom.Workspaces.Agent.Gui.csproj" />
  <Project Path="Phantom.Workspaces.Agent.Cli/Phantom.Workspaces.Agent.Cli.csproj" />
  <Project Path="Phantom.Workspaces.Agent.Cli.Tests/Phantom.Workspaces.Agent.Cli.Tests.csproj" />
  <Project Path="Phantom.Workspaces.Data.Core/Phantom.Workspaces.Data.Core.csproj" />
  <Project Path="Phantom.Workspaces.Tests/Phantom.Workspaces.Tests.csproj" />
  <Project Path="Phantom.Workspaces.Data.CosmosDB.Tests/Phantom.Workspaces.Data.CosmosDB.Tests.csproj" />
  <Project Path="Phantom.Workspaces.Data.CosmosDB/Phantom.Workspaces.Data.CosmosDB.csproj" />
  <Project Path="Phantom.Workspaces.Data.Offline.Tests/Phantom.Workspaces.Data.Offline.Tests.csproj" />
  <Project Path="Phantom.Workspaces.Data.Offline/Phantom.Workspaces.Data.Offline.csproj" />
  <Project Path="Phantom.Workspaces.Data.Sql.Tests/Phantom.Workspaces.Data.Sql.Tests.csproj" />
  <Project Path="Phantom.Workspaces.Data.Sql/Phantom.Workspaces.Data.Sql.csproj" />
  <Project Path="Phantom.Workspaces.Data.Web.Client.Tests/Phantom.Workspaces.Data.Web.Client.Tests.csproj" />
  <Project Path="Phantom.Workspaces.Data.Web.Client/Phantom.Workspaces.Data.Web.Client.csproj" />
  <Project Path="Phantom.Workspaces.Data.Web.Server.Tests/Phantom.Workspaces.Data.Web.Server.Tests.csproj" />
  <Project Path="Phantom.Workspaces.Data.Web.Server/Phantom.Workspaces.Data.Web.Server.csproj" />
  <Project Path="Phantom.Workspaces.Docs.Tests/Phantom.Workspaces.Docs.Tests.csproj" />
  <Project Path="Phantom.Workspaces.Docs/Phantom.Workspaces.Docs.csproj" />
  <Project Path="Phantom.Workspaces.Llm.Core.Tests/Phantom.Workspaces.Llm.Core.Tests.csproj" />
  <Project Path="Phantom.Workspaces.Llm.Core/Phantom.Workspaces.Llm.Core.csproj" />
  <Project Path="Phantom.Workspaces.Llm.Echo/Phantom.Workspaces.Llm.Echo.csproj" />
  <Project Path="Phantom.Workspaces.Llm.Tools.Tests/Phantom.Workspaces.Llm.Tools.Tests.csproj" />
  <Project Path="Phantom.Workspaces.Llm.Tools/Phantom.Workspaces.Llm.Tools.csproj" />
  <Project Path="Phantom.Workspaces.Web.Server.Tests/Phantom.Workspaces.Web.Server.Tests.csproj" />
  <Project Path="Phantom.Workspaces.Web.Server/Phantom.Workspaces.Web.Server.csproj" />
  <Project Path="Phantom.Workspaces/Phantom.Workspaces.csproj" />
</Solution>
